
Microsoft Visual Studio Solution File, Format Version 12.00
# Visual Studio 15
VisualStudioVersion = 15.0.26124.0
MinimumVisualStudioVersion = 15.0.26124.0
Project("{FAE04EC0-301F-11D3-BF4B-00C04F79EFBC}") = "Domain", "Domain\Domain.csproj", "{B39676A0-6C47-4047-B92C-30787FD4B057}"
EndProject
Project("{FAE04EC0-301F-11D3-BF4B-00C04F79EFBC}") = "Application", "Application\Application.csproj", "{8D81917D-1C95-465C-A3C9-77351D399FEF}"
EndProject
Project("{FAE04EC0-301F-11D3-BF4B-00C04F79EFBC}") = "Persistence", "Persistence\Persistence.csproj", "{054D7EA2-3CB9-4399-BCD1-BB31EF23293F}"
EndProject
Project("{FAE04EC0-301F-11D3-BF4B-00C04F79EFBC}") = "API", "API\API.csproj", "{C6CC92F2-CE2F-4178-B7B4-ACF7C8DE866E}"
EndProject
Global
	GlobalSection(SolutionConfigurationPlatforms) = preSolution
		Debug|Any CPU = Debug|Any CPU
		Debug|x64 = Debug|x64
		Debug|x86 = Debug|x86
		Release|Any CPU = Release|Any CPU
		Release|x64 = Release|x64
		Release|x86 = Release|x86
	EndGlobalSection
	GlobalSection(SolutionProperties) = preSolution
		HideSolutionNode = FALSE
	EndGlobalSection
	GlobalSection(ProjectConfigurationPlatforms) = postSolution
		{B39676A0-6C47-4047-B92C-30787FD4B057}.Debug|Any CPU.ActiveCfg = Debug|Any CPU
		{B39676A0-6C47-4047-B92C-30787FD4B057}.Debug|Any CPU.Build.0 = Debug|Any CPU
		{B39676A0-6C47-4047-B92C-30787FD4B057}.Debug|x64.ActiveCfg = Debug|Any CPU
		{B39676A0-6C47-4047-B92C-30787FD4B057}.Debug|x64.Build.0 = Debug|Any CPU
		{B39676A0-6C47-4047-B92C-30787FD4B057}.Debug|x86.ActiveCfg = Debug|Any CPU
		{B39676A0-6C47-4047-B92C-30787FD4B057}.Debug|x86.Build.0 = Debug|Any CPU
		{B39676A0-6C47-4047-B92C-30787FD4B057}.Release|Any CPU.ActiveCfg = Release|Any CPU
		{B39676A0-6C47-4047-B92C-30787FD4B057}.Release|Any CPU.Build.0 = Release|Any CPU
		{B39676A0-6C47-4047-B92C-30787FD4B057}.Release|x64.ActiveCfg = Release|Any CPU
		{B39676A0-6C47-4047-B92C-30787FD4B057}.Release|x64.Build.0 = Release|Any CPU
		{B39676A0-6C47-4047-B92C-30787FD4B057}.Release|x86.ActiveCfg = Release|Any CPU
		{B39676A0-6C47-4047-B92C-30787FD4B057}.Release|x86.Build.0 = Release|Any CPU
		{8D81917D-1C95-465C-A3C9-77351D399FEF}.Debug|Any CPU.ActiveCfg = Debug|Any CPU
		{8D81917D-1C95-465C-A3C9-77351D399FEF}.Debug|Any CPU.Build.0 = Debug|Any CPU
		{8D81917D-1C95-465C-A3C9-77351D399FEF}.Debug|x64.ActiveCfg = Debug|Any CPU
		{8D81917D-1C95-465C-A3C9-77351D399FEF}.Debug|x64.Build.0 = Debug|Any CPU
		{8D81917D-1C95-465C-A3C9-77351D399FEF}.Debug|x86.ActiveCfg = Debug|Any CPU
		{8D81917D-1C95-465C-A3C9-77351D399FEF}.Debug|x86.Build.0 = Debug|Any CPU
		{8D81917D-1C95-465C-A3C9-77351D399FEF}.Release|Any CPU.ActiveCfg = Release|Any CPU
		{8D81917D-1C95-465C-A3C9-77351D399FEF}.Release|Any CPU.Build.0 = Release|Any CPU
		{8D81917D-1C95-465C-A3C9-77351D399FEF}.Release|x64.ActiveCfg = Release|Any CPU
		{8D81917D-1C95-465C-A3C9-77351D399FEF}.Release|x64.Build.0 = Release|Any CPU
		{8D81917D-1C95-465C-A3C9-77351D399FEF}.Release|x86.ActiveCfg = Release|Any CPU
		{8D81917D-1C95-465C-A3C9-77351D399FEF}.Release|x86.Build.0 = Release|Any CPU
		{054D7EA2-3CB9-4399-BCD1-BB31EF23293F}.Debug|Any CPU.ActiveCfg = Debug|Any CPU
		{054D7EA2-3CB9-4399-BCD1-BB31EF23293F}.Debug|Any CPU.Build.0 = Debug|Any CPU
		{054D7EA2-3CB9-4399-BCD1-BB31EF23293F}.Debug|x64.ActiveCfg = Debug|Any CPU
		{054D7EA2-3CB9-4399-BCD1-BB31EF23293F}.Debug|x64.Build.0 = Debug|Any CPU
		{054D7EA2-3CB9-4399-BCD1-BB31EF23293F}.Debug|x86.ActiveCfg = Debug|Any CPU
		{054D7EA2-3CB9-4399-BCD1-BB31EF23293F}.Debug|x86.Build.0 = Debug|Any CPU
		{054D7EA2-3CB9-4399-BCD1-BB31EF23293F}.Release|Any CPU.ActiveCfg = Release|Any CPU
		{054D7EA2-3CB9-4399-BCD1-BB31EF23293F}.Release|Any CPU.Build.0 = Release|Any CPU
		{054D7EA2-3CB9-4399-BCD1-BB31EF23293F}.Release|x64.ActiveCfg = Release|Any CPU
		{054D7EA2-3CB9-4399-BCD1-BB31EF23293F}.Release|x64.Build.0 = Release|Any CPU
		{054D7EA2-3CB9-4399-BCD1-BB31EF23293F}.Release|x86.ActiveCfg = Release|Any CPU
		{054D7EA2-3CB9-4399-BCD1-BB31EF23293F}.Release|x86.Build.0 = Release|Any CPU
		{C6CC92F2-CE2F-4178-B7B4-ACF7C8DE866E}.Debug|Any CPU.ActiveCfg = Debug|Any CPU
		{C6CC92F2-CE2F-4178-B7B4-ACF7C8DE866E}.Debug|Any CPU.Build.0 = Debug|Any CPU
		{C6CC92F2-CE2F-4178-B7B4-ACF7C8DE866E}.Debug|x64.ActiveCfg = Debug|Any CPU
		{C6CC92F2-CE2F-4178-B7B4-ACF7C8DE866E}.Debug|x64.Build.0 = Debug|Any CPU
		{C6CC92F2-CE2F-4178-B7B4-ACF7C8DE866E}.Debug|x86.ActiveCfg = Debug|Any CPU
		{C6CC92F2-CE2F-4178-B7B4-ACF7C8DE866E}.Debug|x86.Build.0 = Debug|Any CPU
		{C6CC92F2-CE2F-4178-B7B4-ACF7C8DE866E}.Release|Any CPU.ActiveCfg = Release|Any CPU
		{C6CC92F2-CE2F-4178-B7B4-ACF7C8DE866E}.Release|Any CPU.Build.0 = Release|Any CPU
		{C6CC92F2-CE2F-4178-B7B4-ACF7C8DE866E}.Release|x64.ActiveCfg = Release|Any CPU
		{C6CC92F2-CE2F-4178-B7B4-ACF7C8DE866E}.Release|x64.Build.0 = Release|Any CPU
		{C6CC92F2-CE2F-4178-B7B4-ACF7C8DE866E}.Release|x86.ActiveCfg = Release|Any CPU
		{C6CC92F2-CE2F-4178-B7B4-ACF7C8DE866E}.Release|x86.Build.0 = Release|Any CPU
	EndGlobalSection
EndGlobal
